
Microsoft Visual Studio Solution File, Format Version 12.00
# Visual Studio Version 16
VisualStudioVersion = 16.0.30503.244
MinimumVisualStudioVersion = 10.0.40219.1
Project("{FAE04EC0-301F-11D3-BF4B-00C04F79EFBC}") = "LineComparision", "LineComparision\LineComparision.csproj", "{38640EF3-9A5D-43B1-B753-69021EE20075}"
EndProject
Global
	GlobalSection(SolutionConfigurationPlatforms) = preSolution
		Debug|Any CPU = Debug|Any CPU
		Release|Any CPU = Release|Any CPU
	EndGlobalSection
	GlobalSection(ProjectConfigurationPlatforms) = postSolution
		{38640EF3-9A5D-43B1-B753-69021EE20075}.Debug|Any CPU.ActiveCfg = Debug|Any CPU
		{38640EF3-9A5D-43B1-B753-69021EE20075}.Debug|Any CPU.Build.0 = Debug|Any CPU
		{38640EF3-9A5D-43B1-B753-69021EE20075}.Release|Any CPU.ActiveCfg = Release|Any CPU
		{38640EF3-9A5D-43B1-B753-69021EE20075}.Release|Any CPU.Build.0 = Release|Any CPU
	EndGlobalSection
	GlobalSection(SolutionProperties) = preSolution
		HideSolutionNode = FALSE
	EndGlobalSection
	GlobalSection(ExtensibilityGlobals) = postSolution
		SolutionGuid = {A5588432-E93E-4E7D-A002-D61EA0C342A8}
	EndGlobalSection
EndGlobal
